
Microsoft Visual Studio Solution File, Format Version 12.00
# Visual Studio Version 17
VisualStudioVersion = 17.6.33815.320
MinimumVisualStudioVersion = 10.0.40219.1
Project("{FAE04EC0-301F-11D3-BF4B-00C04F79EFBC}") = "CheckCredit", "CheckCredit\CheckCredit.csproj", "{33EE2D97-E868-41AB-9BB5-85879985E7C9}"
EndProject
Global
	GlobalSection(SolutionConfigurationPlatforms) = preSolution
		Debug|Any CPU = Debug|Any CPU
		Release|Any CPU = Release|Any CPU
	EndGlobalSection
	GlobalSection(ProjectConfigurationPlatforms) = postSolution
		{33EE2D97-E868-41AB-9BB5-85879985E7C9}.Debug|Any CPU.ActiveCfg = Debug|Any CPU
		{33EE2D97-E868-41AB-9BB5-85879985E7C9}.Debug|Any CPU.Build.0 = Debug|Any CPU
		{33EE2D97-E868-41AB-9BB5-85879985E7C9}.Release|Any CPU.ActiveCfg = Release|Any CPU
		{33EE2D97-E868-41AB-9BB5-85879985E7C9}.Release|Any CPU.Build.0 = Release|Any CPU
	EndGlobalSection
	GlobalSection(SolutionProperties) = preSolution
		HideSolutionNode = FALSE
	EndGlobalSection
	GlobalSection(ExtensibilityGlobals) = postSolution
		SolutionGuid = {B311D8C5-1751-4457-A916-B84A024F5102}
	EndGlobalSection
EndGlobal
