
Microsoft Visual Studio Solution File, Format Version 12.00
# Visual Studio Version 17
VisualStudioVersion = 17.6.33815.320
MinimumVisualStudioVersion = 10.0.40219.1
Project("{FAE04EC0-301F-11D3-BF4B-00C04F79EFBC}") = "PositionString", "PositionString\PositionString.csproj", "{C7DEDB2A-58D4-4178-B374-BEE445BA56A8}"
EndProject
Global
	GlobalSection(SolutionConfigurationPlatforms) = preSolution
		Debug|Any CPU = Debug|Any CPU
		Release|Any CPU = Release|Any CPU
	EndGlobalSection
	GlobalSection(ProjectConfigurationPlatforms) = postSolution
		{C7DEDB2A-58D4-4178-B374-BEE445BA56A8}.Debug|Any CPU.ActiveCfg = Debug|Any CPU
		{C7DEDB2A-58D4-4178-B374-BEE445BA56A8}.Debug|Any CPU.Build.0 = Debug|Any CPU
		{C7DEDB2A-58D4-4178-B374-BEE445BA56A8}.Release|Any CPU.ActiveCfg = Release|Any CPU
		{C7DEDB2A-58D4-4178-B374-BEE445BA56A8}.Release|Any CPU.Build.0 = Release|Any CPU
	EndGlobalSection
	GlobalSection(SolutionProperties) = preSolution
		HideSolutionNode = FALSE
	EndGlobalSection
	GlobalSection(ExtensibilityGlobals) = postSolution
		SolutionGuid = {91E8D315-A775-4C1D-BA55-8378C814CCF1}
	EndGlobalSection
EndGlobal
