
Microsoft Visual Studio Solution File, Format Version 12.00
# Visual Studio Version 17
VisualStudioVersion = 17.6.33815.320
MinimumVisualStudioVersion = 10.0.40219.1
Project("{FAE04EC0-301F-11D3-BF4B-00C04F79EFBC}") = "StudentMarks", "StudentMarks\StudentMarks.csproj", "{B8AF9E76-A2A3-47FC-BCFA-4F0072C6883F}"
EndProject
Global
	GlobalSection(SolutionConfigurationPlatforms) = preSolution
		Debug|Any CPU = Debug|Any CPU
		Release|Any CPU = Release|Any CPU
	EndGlobalSection
	GlobalSection(ProjectConfigurationPlatforms) = postSolution
		{B8AF9E76-A2A3-47FC-BCFA-4F0072C6883F}.Debug|Any CPU.ActiveCfg = Debug|Any CPU
		{B8AF9E76-A2A3-47FC-BCFA-4F0072C6883F}.Debug|Any CPU.Build.0 = Debug|Any CPU
		{B8AF9E76-A2A3-47FC-BCFA-4F0072C6883F}.Release|Any CPU.ActiveCfg = Release|Any CPU
		{B8AF9E76-A2A3-47FC-BCFA-4F0072C6883F}.Release|Any CPU.Build.0 = Release|Any CPU
	EndGlobalSection
	GlobalSection(SolutionProperties) = preSolution
		HideSolutionNode = FALSE
	EndGlobalSection
	GlobalSection(ExtensibilityGlobals) = postSolution
		SolutionGuid = {4F7DBF4C-3273-4789-AC10-FFF7197A3BB3}
	EndGlobalSection
EndGlobal
