
Microsoft Visual Studio Solution File, Format Version 12.00
# Visual Studio Version 17
VisualStudioVersion = 17.6.33815.320
MinimumVisualStudioVersion = 10.0.40219.1
Project("{FAE04EC0-301F-11D3-BF4B-00C04F79EFBC}") = "CompareString", "CompareString\CompareString.csproj", "{8A43083E-2C7B-462D-8CDD-FF6757EA1A64}"
EndProject
Global
	GlobalSection(SolutionConfigurationPlatforms) = preSolution
		Debug|Any CPU = Debug|Any CPU
		Release|Any CPU = Release|Any CPU
	EndGlobalSection
	GlobalSection(ProjectConfigurationPlatforms) = postSolution
		{8A43083E-2C7B-462D-8CDD-FF6757EA1A64}.Debug|Any CPU.ActiveCfg = Debug|Any CPU
		{8A43083E-2C7B-462D-8CDD-FF6757EA1A64}.Debug|Any CPU.Build.0 = Debug|Any CPU
		{8A43083E-2C7B-462D-8CDD-FF6757EA1A64}.Release|Any CPU.ActiveCfg = Release|Any CPU
		{8A43083E-2C7B-462D-8CDD-FF6757EA1A64}.Release|Any CPU.Build.0 = Release|Any CPU
	EndGlobalSection
	GlobalSection(SolutionProperties) = preSolution
		HideSolutionNode = FALSE
	EndGlobalSection
	GlobalSection(ExtensibilityGlobals) = postSolution
		SolutionGuid = {A33E241F-FFEF-401F-B454-4B5EFC4DFD63}
	EndGlobalSection
EndGlobal
